// !$*UTF8*$!
{
	archiveVersion = 1;
	classes = {
	};
	objectVersion = 46;
	objects = {

/* Begin PBXBuildFile section */
		FE60B2191ADC9F48000F4B6C /* main.m in Sources */ = {isa = PBXBuildFile; fileRef = FE60B2181ADC9F48000F4B6C /* main.m */; };
		FE60B21C1ADC9F48000F4B6C /* AppDelegate.m in Sources */ = {isa = PBXBuildFile; fileRef = FE60B21B1ADC9F48000F4B6C /* AppDelegate.m */; };
		FE60B21F1ADC9F48000F4B6C /* ViewController.m in Sources */ = {isa = PBXBuildFile; fileRef = FE60B21E1ADC9F48000F4B6C /* ViewController.m */; };
		FE60B2241ADC9F48000F4B6C /* Images.xcassets in Resources */ = {isa = PBXBuildFile; fileRef = FE60B2231ADC9F48000F4B6C /* Images.xcassets */; };
		FE60B2271ADC9F48000F4B6C /* LaunchScreen.xib in Resources */ = {isa = PBXBuildFile; fileRef = FE60B2251ADC9F48000F4B6C /* LaunchScreen.xib */; };
		FE60B2331ADC9F48000F4B6C /* BlocBrowserTests.m in Sources */ = {isa = PBXBuildFile; fileRef = FE60B2321ADC9F48000F4B6C /* BlocBrowserTests.m */; };
/* End PBXBuildFile section */

/* Begin PBXContainerItemProxy section */
		FE60B22D1ADC9F48000F4B6C /* PBXContainerItemProxy */ = {
			isa = PBXContainerItemProxy;
			containerPortal = FE60B20B1ADC9F47000F4B6C /* Project object */;
			proxyType = 1;
			remoteGlobalIDString = FE60B2121ADC9F47000F4B6C;
			remoteInfo = BlocBrowser;
		};
/* End PBXContainerItemProxy section */

/* Begin PBXFileReference section */
		FE60B2131ADC9F48000F4B6C /* BlocBrowser.app */ = {isa = PBXFileReference; explicitFileType = wrapper.application; includeInIndex = 0; path = BlocBrowser.app; sourceTree = BUILT_PRODUCTS_DIR; };
		FE60B2171ADC9F48000F4B6C /* Info.plist */ = {isa = PBXFileReference; lastKnownFileType = text.plist.xml; path = Info.plist; sourceTree = "<group>"; };
		FE60B2181ADC9F48000F4B6C /* main.m */ = {isa = PBXFileReference; lastKnownFileType = sourcecode.c.objc; path = main.m; sourceTree = "<group>"; };
		FE60B21A1ADC9F48000F4B6C /* AppDelegate.h */ = {isa = PBXFileReference; lastKnownFileType = sourcecode.c.h; path = AppDelegate.h; sourceTree = "<group>"; };
		FE60B21B1ADC9F48000F4B6C /* AppDelegate.m */ = {isa = PBXFileReference; lastKnownFileType = sourcecode.c.objc; path = AppDelegate.m; sourceTree = "<group>"; };
		FE60B21D1ADC9F48000F4B6C /* ViewController.h */ = {isa = PBXFileReference; lastKnownFileType = sourcecode.c.h; path = ViewController.h; sourceTree = "<group>"; };
		FE60B21E1ADC9F48000F4B6C /* ViewController.m */ = {isa = PBXFileReference; lastKnownFileType = sourcecode.c.objc; path = ViewController.m; sourceTree = "<group>"; };
		FE60B2231ADC9F48000F4B6C /* Images.xcassets */ = {isa = PBXFileReference; lastKnownFileType = folder.assetcatalog; path = Images.xcassets; sourceTree = "<group>"; };
		FE60B2261ADC9F48000F4B6C /* Base */ = {isa = PBXFileReference; lastKnownFileType = file.xib; name = Base; path = Base.lproj/LaunchScreen.xib; sourceTree = "<group>"; };
		FE60B22C1ADC9F48000F4B6C /* BlocBrowserTests.xctest */ = {isa = PBXFileReference; explicitFileType = wrapper.cfbundle; includeInIndex = 0; path = BlocBrowserTests.xctest; sourceTree = BUILT_PRODUCTS_DIR; };
		FE60B2311ADC9F48000F4B6C /* Info.plist */ = {isa = PBXFileReference; lastKnownFileType = text.plist.xml; path = Info.plist; sourceTree = "<group>"; };
		FE60B2321ADC9F48000F4B6C /* BlocBrowserTests.m */ = {isa = PBXFileReference; lastKnownFileType = sourcecode.c.objc; path = BlocBrowserTests.m; sourceTree = "<group>"; };
/* End PBXFileReference section */

/* Begin PBXFrameworksBuildPhase section */
		FE60B2101ADC9F47000F4B6C /* Frameworks */ = {
			isa = PBXFrameworksBuildPhase;
			buildActionMask = 2147483647;
			files = (
			);
			runOnlyForDeploymentPostprocessing = 0;
		};
		FE60B2291ADC9F48000F4B6C /* Frameworks */ = {
			isa = PBXFrameworksBuildPhase;
			buildActionMask = 2147483647;
			files = (
			);
			runOnlyForDeploymentPostprocessing = 0;
		};
/* End PBXFrameworksBuildPhase section */

/* Begin PBXGroup section */
		FE60B20A1ADC9F47000F4B6C = {
			isa = PBXGroup;
			children = (
				FE60B2151ADC9F48000F4B6C /* BlocBrowser */,
				FE60B22F1ADC9F48000F4B6C /* BlocBrowserTests */,
				FE60B2141ADC9F48000F4B6C /* Products */,
			);
			sourceTree = "<group>";
		};
		FE60B2141ADC9F48000F4B6C /* Products */ = {
			isa = PBXGroup;
			children = (
				FE60B2131ADC9F48000F4B6C /* BlocBrowser.app */,
				FE60B22C1ADC9F48000F4B6C /* BlocBrowserTests.xctest */,
			);
			name = Products;
			sourceTree = "<group>";
		};
		FE60B2151ADC9F48000F4B6C /* BlocBrowser */ = {
			isa = PBXGroup;
			children = (
				FE60B21A1ADC9F48000F4B6C /* AppDelegate.h */,
				FE60B21B1ADC9F48000F4B6C /* AppDelegate.m */,
				FE60B21D1ADC9F48000F4B6C /* ViewController.h */,
				FE60B21E1ADC9F48000F4B6C /* ViewController.m */,
				FE60B2231ADC9F48000F4B6C /* Images.xcassets */,
				FE60B2251ADC9F48000F4B6C /* LaunchScreen.xib */,
				FE60B2161ADC9F48000F4B6C /* Supporting Files */,
			);
			path = BlocBrowser;
			sourceTree = "<group>";
		};
		FE60B2161ADC9F48000F4B6C /* Supporting Files */ = {
			isa = PBXGroup;
			children = (
				FE60B2171ADC9F48000F4B6C /* Info.plist */,
				FE60B2181ADC9F48000F4B6C /* main.m */,
			);
			name = "Supporting Files";
			sourceTree = "<group>";
		};
		FE60B22F1ADC9F48000F4B6C /* BlocBrowserTests */ = {
			isa = PBXGroup;
			children = (
				FE60B2321ADC9F48000F4B6C /* BlocBrowserTests.m */,
				FE60B2301ADC9F48000F4B6C /* Supporting Files */,
			);
			path = BlocBrowserTests;
			sourceTree = "<group>";
		};
		FE60B2301ADC9F48000F4B6C /* Supporting Files */ = {
			isa = PBXGroup;
			children = (
				FE60B2311ADC9F48000F4B6C /* Info.plist */,
			);
			name = "Supporting Files";
			sourceTree = "<group>";
		};
/* End PBXGroup section */

/* Begin PBXNativeTarget section */
		FE60B2121ADC9F47000F4B6C /* BlocBrowser */ = {
			isa = PBXNativeTarget;
			buildConfigurationList = FE60B2361ADC9F48000F4B6C /* Build configuration list for PBXNativeTarget "BlocBrowser" */;
			buildPhases = (
				FE60B20F1ADC9F47000F4B6C /* Sources */,
				FE60B2101ADC9F47000F4B6C /* Frameworks */,
				FE60B2111ADC9F47000F4B6C /* Resources */,
			);
			buildRules = (
			);
			dependencies = (
			);
			name = BlocBrowser;
			productName = BlocBrowser;
			productReference = FE60B2131ADC9F48000F4B6C /* BlocBrowser.app */;
			productType = "com.apple.product-type.application";
		};
		FE60B22B1ADC9F48000F4B6C /* BlocBrowserTests */ = {
			isa = PBXNativeTarget;
			buildConfigurationList = FE60B2391ADC9F48000F4B6C /* Build configuration list for PBXNativeTarget "BlocBrowserTests" */;
			buildPhases = (
				FE60B2281ADC9F48000F4B6C /* Sources */,
				FE60B2291ADC9F48000F4B6C /* Frameworks */,
				FE60B22A1ADC9F48000F4B6C /* Resources */,
			);
			buildRules = (
			);
			dependencies = (
				FE60B22E1ADC9F48000F4B6C /* PBXTargetDependency */,
			);
			name = BlocBrowserTests;
			productName = BlocBrowserTests;
			productReference = FE60B22C1ADC9F48000F4B6C /* BlocBrowserTests.xctest */;
			productType = "com.apple.product-type.bundle.unit-test";
		};
/* End PBXNativeTarget section */

/* Begin PBXProject section */
		FE60B20B1ADC9F47000F4B6C /* Project object */ = {
			isa = PBXProject;
			attributes = {
				LastUpgradeCheck = 0630;
				ORGANIZATIONNAME = "Michelle Rutherford";
				TargetAttributes = {
					FE60B2121ADC9F47000F4B6C = {
						CreatedOnToolsVersion = 6.3;
					};
					FE60B22B1ADC9F48000F4B6C = {
						CreatedOnToolsVersion = 6.3;
						TestTargetID = FE60B2121ADC9F47000F4B6C;
					};
				};
			};
			buildConfigurationList = FE60B20E1ADC9F47000F4B6C /* Build configuration list for PBXProject "BlocBrowser" */;
			compatibilityVersion = "Xcode 3.2";
			developmentRegion = English;
			hasScannedForEncodings = 0;
			knownRegions = (
				en,
				Base,
			);
			mainGroup = FE60B20A1ADC9F47000F4B6C;
			productRefGroup = FE60B2141ADC9F48000F4B6C /* Products */;
			projectDirPath = "";
			projectRoot = "";
			targets = (
				FE60B2121ADC9F47000F4B6C /* BlocBrowser */,
				FE60B22B1ADC9F48000F4B6C /* BlocBrowserTests */,
			);
		};
/* End PBXProject section */

/* Begin PBXResourcesBuildPhase section */
		FE60B2111ADC9F47000F4B6C /* Resources */ = {
			isa = PBXResourcesBuildPhase;
			buildActionMask = 2147483647;
			files = (
				FE60B2271ADC9F48000F4B6C /* LaunchScreen.xib in Resources */,
				FE60B2241ADC9F48000F4B6C /* Images.xcassets in Resources */,
			);
			runOnlyForDeploymentPostprocessing = 0;
		};
		FE60B22A1ADC9F48000F4B6C /* Resources */ = {
			isa = PBXResourcesBuildPhase;
			buildActionMask = 2147483647;
			files = (
			);
			runOnlyForDeploymentPostprocessing = 0;
		};
/* End PBXResourcesBuildPhase section */

/* Begin PBXSourcesBuildPhase section */
		FE60B20F1ADC9F47000F4B6C /* Sources */ = {
			isa = PBXSourcesBuildPhase;
			buildActionMask = 2147483647;
			files = (
				FE60B21F1ADC9F48000F4B6C /* ViewController.m in Sources */,
				FE60B21C1ADC9F48000F4B6C /* AppDelegate.m in Sources */,
				FE60B2191ADC9F48000F4B6C /* main.m in Sources */,
			);
			runOnlyForDeploymentPostprocessing = 0;
		};
		FE60B2281ADC9F48000F4B6C /* Sources */ = {
			isa = PBXSourcesBuildPhase;
			buildActionMask = 2147483647;
			files = (
				FE60B2331ADC9F48000F4B6C /* BlocBrowserTests.m in Sources */,
			);
			runOnlyForDeploymentPostprocessing = 0;
		};
/* End PBXSourcesBuildPhase section */

/* Begin PBXTargetDependency section */
		FE60B22E1ADC9F48000F4B6C /* PBXTargetDependency */ = {
			isa = PBXTargetDependency;
			target = FE60B2121ADC9F47000F4B6C /* BlocBrowser */;
			targetProxy = FE60B22D1ADC9F48000F4B6C /* PBXContainerItemProxy */;
		};
/* End PBXTargetDependency section */

/* Begin PBXVariantGroup section */
		FE60B2251ADC9F48000F4B6C /* LaunchScreen.xib */ = {
			isa = PBXVariantGroup;
			children = (
				FE60B2261ADC9F48000F4B6C /* Base */,
			);
			name = LaunchScreen.xib;
			sourceTree = "<group>";
		};
/* End PBXVariantGroup section */

/* Begin XCBuildConfiguration section */
		FE60B2341ADC9F48000F4B6C /* Debug */ = {
			isa = XCBuildConfiguration;
			buildSettings = {
				ALWAYS_SEARCH_USER_PATHS = NO;
				CLANG_CXX_LANGUAGE_STANDARD = "gnu++0x";
				CLANG_CXX_LIBRARY = "libc++";
				CLANG_ENABLE_MODULES = YES;
				CLANG_ENABLE_OBJC_ARC = YES;
				CLANG_WARN_BOOL_CONVERSION = YES;
				CLANG_WARN_CONSTANT_CONVERSION = YES;
				CLANG_WARN_DIRECT_OBJC_ISA_USAGE = YES_ERROR;
				CLANG_WARN_EMPTY_BODY = YES;
				CLANG_WARN_ENUM_CONVERSION = YES;
				CLANG_WARN_INT_CONVERSION = YES;
				CLANG_WARN_OBJC_ROOT_CLASS = YES_ERROR;
				CLANG_WARN_UNREACHABLE_CODE = YES;
				CLANG_WARN__DUPLICATE_METHOD_MATCH = YES;
				"CODE_SIGN_IDENTITY[sdk=iphoneos*]" = "iPhone Developer";
				COPY_PHASE_STRIP = NO;
				DEBUG_INFORMATION_FORMAT = "dwarf-with-dsym";
				ENABLE_STRICT_OBJC_MSGSEND = YES;
				GCC_C_LANGUAGE_STANDARD = gnu99;
				GCC_DYNAMIC_NO_PIC = NO;
				GCC_NO_COMMON_BLOCKS = YES;
				GCC_OPTIMIZATION_LEVEL = 0;
				GCC_PREPROCESSOR_DEFINITIONS = (
					"DEBUG=1",
					"$(inherited)",
				);
				GCC_SYMBOLS_PRIVATE_EXTERN = NO;
				GCC_WARN_64_TO_32_BIT_CONVERSION = YES;
				GCC_WARN_ABOUT_RETURN_TYPE = YES_ERROR;
				GCC_WARN_UNDECLARED_SELECTOR = YES;
				GCC_WARN_UNINITIALIZED_AUTOS = YES_AGGRESSIVE;
				GCC_WARN_UNUSED_FUNCTION = YES;
				GCC_WARN_UNUSED_VARIABLE = YES;
				IPHONEOS_DEPLOYMENT_TARGET = 8.3;
				MTL_ENABLE_DEBUG_INFO = YES;
				ONLY_ACTIVE_ARCH = YES;
				SDKROOT = iphoneos;
				TARGETED_DEVICE_FAMILY = "1,2";
			};
			name = Debug;
		};
		FE60B2351ADC9F48000F4B6C /* Release */ = {
			isa = XCBuildConfiguration;
			buildSettings = {
				ALWAYS_SEARCH_USER_PATHS = NO;
				CLANG_CXX_LANGUAGE_STANDARD = "gnu++0x";
				CLANG_CXX_LIBRARY = "libc++";
				CLANG_ENABLE_MODULES = YES;
				CLANG_ENABLE_OBJC_ARC = YES;
				CLANG_WARN_BOOL_CONVERSION = YES;
				CLANG_WARN_CONSTANT_CONVERSION = YES;
				CLANG_WARN_DIRECT_OBJC_ISA_USAGE = YES_ERROR;
				CLANG_WARN_EMPTY_BODY = YES;
				CLANG_WARN_ENUM_CONVERSION = YES;
				CLANG_WARN_INT_CONVERSION = YES;
				CLANG_WARN_OBJC_ROOT_CLASS = YES_ERROR;
				CLANG_WARN_UNREACHABLE_CODE = YES;
				CLANG_WARN__DUPLICATE_METHOD_MATCH = YES;
				"CODE_SIGN_IDENTITY[sdk=iphoneos*]" = "iPhone Developer";
				COPY_PHASE_STRIP = NO;
				DEBUG_INFORMATION_FORMAT = "dwarf-with-dsym";
				ENABLE_NS_ASSERTIONS = NO;
				ENABLE_STRICT_OBJC_MSGSEND = YES;
				GCC_C_LANGUAGE_STANDARD = gnu99;
				GCC_NO_COMMON_BLOCKS = YES;
				GCC_WARN_64_TO_32_BIT_CONVERSION = YES;
				GCC_WARN_ABOUT_RETURN_TYPE = YES_ERROR;
				GCC_WARN_UNDECLARED_SELECTOR = YES;
				GCC_WARN_UNINITIALIZED_AUTOS = YES_AGGRESSIVE;
				GCC_WARN_UNUSED_FUNCTION = YES;
				GCC_WARN_UNUSED_VARIABLE = YES;
				IPHONEOS_DEPLOYMENT_TARGET = 8.3;
				MTL_ENABLE_DEBUG_INFO = NO;
				SDKROOT = iphoneos;
				TARGETED_DEVICE_FAMILY = "1,2";
				VALIDATE_PRODUCT = YES;
			};
			name = Release;
		};
		FE60B2371ADC9F48000F4B6C /* Debug */ = {
			isa = XCBuildConfiguration;
			buildSettings = {
				ASSETCATALOG_COMPILER_APPICON_NAME = AppIcon;
				INFOPLIST_FILE = BlocBrowser/Info.plist;
				LD_RUNPATH_SEARCH_PATHS = "$(inherited) @executable_path/Frameworks";
				PRODUCT_NAME = "$(TARGET_NAME)";
			};
			name = Debug;
		};
		FE60B2381ADC9F48000F4B6C /* Release */ = {
			isa = XCBuildConfiguration;
			buildSettings = {
				ASSETCATALOG_COMPILER_APPICON_NAME = AppIcon;
				INFOPLIST_FILE = BlocBrowser/Info.plist;
				LD_RUNPATH_SEARCH_PATHS = "$(inherited) @executable_path/Frameworks";
				PRODUCT_NAME = "$(TARGET_NAME)";
			};
			name = Release;
		};
		FE60B23A1ADC9F48000F4B6C /* Debug */ = {
			isa = XCBuildConfiguration;
			buildSettings = {
				BUNDLE_LOADER = "$(TEST_HOST)";
				FRAMEWORK_SEARCH_PATHS = (
					"$(SDKROOT)/Developer/Library/Frameworks",
					"$(inherited)",
				);
				GCC_PREPROCESSOR_DEFINITIONS = (
					"DEBUG=1",
					"$(inherited)",
				);
				INFOPLIST_FILE = BlocBrowserTests/Info.plist;
				LD_RUNPATH_SEARCH_PATHS = "$(inherited) @executable_path/Frameworks @loader_path/Frameworks";
				PRODUCT_NAME = "$(TARGET_NAME)";
				TEST_HOST = "$(BUILT_PRODUCTS_DIR)/BlocBrowser.app/BlocBrowser";
			};
			name = Debug;
		};
		FE60B23B1ADC9F48000F4B6C /* Release */ = {
			isa = XCBuildConfiguration;
			buildSettings = {
				BUNDLE_LOADER = "$(TEST_HOST)";
				FRAMEWORK_SEARCH_PATHS = (
					"$(SDKROOT)/Developer/Library/Frameworks",
					"$(inherited)",
				);
				INFOPLIST_FILE = BlocBrowserTests/Info.plist;
				LD_RUNPATH_SEARCH_PATHS = "$(inherited) @executable_path/Frameworks @loader_path/Frameworks";
				PRODUCT_NAME = "$(TARGET_NAME)";
				TEST_HOST = "$(BUILT_PRODUCTS_DIR)/BlocBrowser.app/BlocBrowser";
			};
			name = Release;
		};
/* End XCBuildConfiguration section */

/* Begin XCConfigurationList section */
		FE60B20E1ADC9F47000F4B6C /* Build configuration list for PBXProject "BlocBrowser" */ = {
			isa = XCConfigurationList;
			buildConfigurations = (
				FE60B2341ADC9F48000F4B6C /* Debug */,
				FE60B2351ADC9F48000F4B6C /* Release */,
			);
			defaultConfigurationIsVisible = 0;
			defaultConfigurationName = Release;
		};
		FE60B2361ADC9F48000F4B6C /* Build configuration list for PBXNativeTarget "BlocBrowser" */ = {
			isa = XCConfigurationList;
			buildConfigurations = (
				FE60B2371ADC9F48000F4B6C /* Debug */,
				FE60B2381ADC9F48000F4B6C /* Release */,
			);
			defaultConfigurationIsVisible = 0;
		};
		FE60B2391ADC9F48000F4B6C /* Build configuration list for PBXNativeTarget "BlocBrowserTests" */ = {
			isa = XCConfigurationList;
			buildConfigurations = (
				FE60B23A1ADC9F48000F4B6C /* Debug */,
				FE60B23B1ADC9F48000F4B6C /* Release */,
			);
			defaultConfigurationIsVisible = 0;
		};
/* End XCConfigurationList section */
	};
	rootObject = FE60B20B1ADC9F47000F4B6C /* Project object */;
}
